// !$*UTF8*$!
{
	archiveVersion = 1;
	classes = {
	};
	objectVersion = 50;
	objects = {

/* Begin PBXBuildFile section */
		993D2BE924129122002E5BAC /* AppDelegate.swift in Sources */ = {isa = PBXBuildFile; fileRef = 993D2BE824129122002E5BAC /* AppDelegate.swift */; };
		993D2BEB24129123002E5BAC /* Assets.xcassets in Resources */ = {isa = PBXBuildFile; fileRef = 993D2BEA24129123002E5BAC /* Assets.xcassets */; };
		993D2BEE24129123002E5BAC /* MainMenu.xib in Resources */ = {isa = PBXBuildFile; fileRef = 993D2BEC24129123002E5BAC /* MainMenu.xib */; };
		993D2BF724129189002E5BAC /* RootSplitViewController.swift in Sources */ = {isa = PBXBuildFile; fileRef = 993D2BF624129189002E5BAC /* RootSplitViewController.swift */; };
		993D2BFB2412B5FD002E5BAC /* NestableSplitView.swift in Sources */ = {isa = PBXBuildFile; fileRef = 993D2BFA2412B5FD002E5BAC /* NestableSplitView.swift */; };
/* End PBXBuildFile section */

/* Begin PBXFileReference section */
		993D2BE524129122002E5BAC /* NestableSplitView.app */ = {isa = PBXFileReference; explicitFileType = wrapper.application; includeInIndex = 0; path = NestableSplitView.app; sourceTree = BUILT_PRODUCTS_DIR; };
		993D2BE824129122002E5BAC /* AppDelegate.swift */ = {isa = PBXFileReference; lastKnownFileType = sourcecode.swift; path = AppDelegate.swift; sourceTree = "<group>"; };
		993D2BEA24129123002E5BAC /* Assets.xcassets */ = {isa = PBXFileReference; lastKnownFileType = folder.assetcatalog; path = Assets.xcassets; sourceTree = "<group>"; };
		993D2BED24129123002E5BAC /* Base */ = {isa = PBXFileReference; lastKnownFileType = file.xib; name = Base; path = Base.lproj/MainMenu.xib; sourceTree = "<group>"; };
		993D2BEF24129123002E5BAC /* Info.plist */ = {isa = PBXFileReference; lastKnownFileType = text.plist.xml; path = Info.plist; sourceTree = "<group>"; };
		993D2BF024129123002E5BAC /* NestableSplitView.entitlements */ = {isa = PBXFileReference; lastKnownFileType = text.plist.entitlements; path = NestableSplitView.entitlements; sourceTree = "<group>"; };
		993D2BF624129189002E5BAC /* RootSplitViewController.swift */ = {isa = PBXFileReference; lastKnownFileType = sourcecode.swift; path = RootSplitViewController.swift; sourceTree = "<group>"; };
		993D2BFA2412B5FD002E5BAC /* NestableSplitView.swift */ = {isa = PBXFileReference; lastKnownFileType = sourcecode.swift; path = NestableSplitView.swift; sourceTree = "<group>"; };
/* End PBXFileReference section */

/* Begin PBXFrameworksBuildPhase section */
		993D2BE224129122002E5BAC /* Frameworks */ = {
			isa = PBXFrameworksBuildPhase;
			buildActionMask = 2147483647;
			files = (
			);
			runOnlyForDeploymentPostprocessing = 0;
		};
/* End PBXFrameworksBuildPhase section */

/* Begin PBXGroup section */
		993D2BDC24129122002E5BAC = {
			isa = PBXGroup;
			children = (
				993D2BE724129122002E5BAC /* NestableSplitView */,
				993D2BE624129122002E5BAC /* Products */,
			);
			sourceTree = "<group>";
		};
		993D2BE624129122002E5BAC /* Products */ = {
			isa = PBXGroup;
			children = (
				993D2BE524129122002E5BAC /* NestableSplitView.app */,
			);
			name = Products;
			sourceTree = "<group>";
		};
		993D2BE724129122002E5BAC /* NestableSplitView */ = {
			isa = PBXGroup;
			children = (
				993D2BE824129122002E5BAC /* AppDelegate.swift */,
				993D2BEA24129123002E5BAC /* Assets.xcassets */,
				993D2BEC24129123002E5BAC /* MainMenu.xib */,
				993D2BF624129189002E5BAC /* RootSplitViewController.swift */,
				993D2BFA2412B5FD002E5BAC /* NestableSplitView.swift */,
				993D2BEF24129123002E5BAC /* Info.plist */,
				993D2BF024129123002E5BAC /* NestableSplitView.entitlements */,
			);
			path = NestableSplitView;
			sourceTree = "<group>";
		};
/* End PBXGroup section */

/* Begin PBXNativeTarget section */
		993D2BE424129122002E5BAC /* NestableSplitView */ = {
			isa = PBXNativeTarget;
			buildConfigurationList = 993D2BF324129123002E5BAC /* Build configuration list for PBXNativeTarget "NestableSplitView" */;
			buildPhases = (
				993D2BE124129122002E5BAC /* Sources */,
				993D2BE224129122002E5BAC /* Frameworks */,
				993D2BE324129122002E5BAC /* Resources */,
			);
			buildRules = (
			);
			dependencies = (
			);
			name = NestableSplitView;
			productName = SplitViewTest;
			productReference = 993D2BE524129122002E5BAC /* NestableSplitView.app */;
			productType = "com.apple.product-type.application";
		};
/* End PBXNativeTarget section */

/* Begin PBXProject section */
		993D2BDD24129122002E5BAC /* Project object */ = {
			isa = PBXProject;
			attributes = {
				LastSwiftUpdateCheck = 1140;
				LastUpgradeCheck = 1140;
				ORGANIZATIONNAME = "M Cubed Software";
				TargetAttributes = {
					993D2BE424129122002E5BAC = {
						CreatedOnToolsVersion = 11.4;
					};
				};
			};
			buildConfigurationList = 993D2BE024129122002E5BAC /* Build configuration list for PBXProject "NestableSplitView" */;
			compatibilityVersion = "Xcode 9.3";
			developmentRegion = en;
			hasScannedForEncodings = 0;
			knownRegions = (
				en,
				Base,
			);
			mainGroup = 993D2BDC24129122002E5BAC;
			productRefGroup = 993D2BE624129122002E5BAC /* Products */;
			projectDirPath = "";
			projectRoot = "";
			targets = (
				993D2BE424129122002E5BAC /* NestableSplitView */,
			);
		};
/* End PBXProject section */

/* Begin PBXResourcesBuildPhase section */
		993D2BE324129122002E5BAC /* Resources */ = {
			isa = PBXResourcesBuildPhase;
			buildActionMask = 2147483647;
			files = (
				993D2BEB24129123002E5BAC /* Assets.xcassets in Resources */,
				993D2BEE24129123002E5BAC /* MainMenu.xib in Resources */,
			);
			runOnlyForDeploymentPostprocessing = 0;
		};
/* End PBXResourcesBuildPhase section */

/* Begin PBXSourcesBuildPhase section */
		993D2BE124129122002E5BAC /* Sources */ = {
			isa = PBXSourcesBuildPhase;
			buildActionMask = 2147483647;
			files = (
				993D2BFB2412B5FD002E5BAC /* NestableSplitView.swift in Sources */,
				993D2BE924129122002E5BAC /* AppDelegate.swift in Sources */,
				993D2BF724129189002E5BAC /* RootSplitViewController.swift in Sources */,
			);
			runOnlyForDeploymentPostprocessing = 0;
		};
/* End PBXSourcesBuildPhase section */

/* Begin PBXVariantGroup section */
		993D2BEC24129123002E5BAC /* MainMenu.xib */ = {
			isa = PBXVariantGroup;
			children = (
				993D2BED24129123002E5BAC /* Base */,
			);
			name = MainMenu.xib;
			sourceTree = "<group>";
		};
/* End PBXVariantGroup section */

/* Begin XCBuildConfiguration section */
		993D2BF124129123002E5BAC /* Debug */ = {
			isa = XCBuildConfiguration;
			buildSettings = {
				ALWAYS_SEARCH_USER_PATHS = NO;
				CLANG_ANALYZER_NONNULL = YES;
				CLANG_ANALYZER_NUMBER_OBJECT_CONVERSION = YES_AGGRESSIVE;
				CLANG_CXX_LANGUAGE_STANDARD = "gnu++14";
				CLANG_CXX_LIBRARY = "libc++";
				CLANG_ENABLE_MODULES = YES;
				CLANG_ENABLE_OBJC_ARC = YES;
				CLANG_ENABLE_OBJC_WEAK = YES;
				CLANG_WARN_BLOCK_CAPTURE_AUTORELEASING = YES;
				CLANG_WARN_BOOL_CONVERSION = YES;
				CLANG_WARN_COMMA = YES;
				CLANG_WARN_CONSTANT_CONVERSION = YES;
				CLANG_WARN_DEPRECATED_OBJC_IMPLEMENTATIONS = YES;
				CLANG_WARN_DIRECT_OBJC_ISA_USAGE = YES_ERROR;
				CLANG_WARN_DOCUMENTATION_COMMENTS = YES;
				CLANG_WARN_EMPTY_BODY = YES;
				CLANG_WARN_ENUM_CONVERSION = YES;
				CLANG_WARN_INFINITE_RECURSION = YES;
				CLANG_WARN_INT_CONVERSION = YES;
				CLANG_WARN_NON_LITERAL_NULL_CONVERSION = YES;
				CLANG_WARN_OBJC_IMPLICIT_RETAIN_SELF = YES;
				CLANG_WARN_OBJC_LITERAL_CONVERSION = YES;
				CLANG_WARN_OBJC_ROOT_CLASS = YES_ERROR;
				CLANG_WARN_RANGE_LOOP_ANALYSIS = YES;
				CLANG_WARN_STRICT_PROTOTYPES = YES;
				CLANG_WARN_SUSPICIOUS_MOVE = YES;
				CLANG_WARN_UNGUARDED_AVAILABILITY = YES_AGGRESSIVE;
				CLANG_WARN_UNREACHABLE_CODE = YES;
				CLANG_WARN__DUPLICATE_METHOD_MATCH = YES;
				COPY_PHASE_STRIP = NO;
				DEBUG_INFORMATION_FORMAT = dwarf;
				ENABLE_STRICT_OBJC_MSGSEND = YES;
				ENABLE_TESTABILITY = YES;
				GCC_C_LANGUAGE_STANDARD = gnu11;
				GCC_DYNAMIC_NO_PIC = NO;
				GCC_NO_COMMON_BLOCKS = YES;
				GCC_OPTIMIZATION_LEVEL = 0;
				GCC_PREPROCESSOR_DEFINITIONS = (
					"DEBUG=1",
					"$(inherited)",
				);
				GCC_WARN_64_TO_32_BIT_CONVERSION = YES;
				GCC_WARN_ABOUT_RETURN_TYPE = YES_ERROR;
				GCC_WARN_UNDECLARED_SELECTOR = YES;
				GCC_WARN_UNINITIALIZED_AUTOS = YES_AGGRESSIVE;
				GCC_WARN_UNUSED_FUNCTION = YES;
				GCC_WARN_UNUSED_VARIABLE = YES;
				MACOSX_DEPLOYMENT_TARGET = 10.15;
				MTL_ENABLE_DEBUG_INFO = INCLUDE_SOURCE;
				MTL_FAST_MATH = YES;
				ONLY_ACTIVE_ARCH = YES;
				SDKROOT = macosx;
				SWIFT_ACTIVE_COMPILATION_CONDITIONS = DEBUG;
				SWIFT_OPTIMIZATION_LEVEL = "-Onone";
			};
			name = Debug;
		};
		993D2BF224129123002E5BAC /* Release */ = {
			isa = XCBuildConfiguration;
			buildSettings = {
				ALWAYS_SEARCH_USER_PATHS = NO;
				CLANG_ANALYZER_NONNULL = YES;
				CLANG_ANALYZER_NUMBER_OBJECT_CONVERSION = YES_AGGRESSIVE;
				CLANG_CXX_LANGUAGE_STANDARD = "gnu++14";
				CLANG_CXX_LIBRARY = "libc++";
				CLANG_ENABLE_MODULES = YES;
				CLANG_ENABLE_OBJC_ARC = YES;
				CLANG_ENABLE_OBJC_WEAK = YES;
				CLANG_WARN_BLOCK_CAPTURE_AUTORELEASING = YES;
				CLANG_WARN_BOOL_CONVERSION = YES;
				CLANG_WARN_COMMA = YES;
				CLANG_WARN_CONSTANT_CONVERSION = YES;
				CLANG_WARN_DEPRECATED_OBJC_IMPLEMENTATIONS = YES;
				CLANG_WARN_DIRECT_OBJC_ISA_USAGE = YES_ERROR;
				CLANG_WARN_DOCUMENTATION_COMMENTS = YES;
				CLANG_WARN_EMPTY_BODY = YES;
				CLANG_WARN_ENUM_CONVERSION = YES;
				CLANG_WARN_INFINITE_RECURSION = YES;
				CLANG_WARN_INT_CONVERSION = YES;
				CLANG_WARN_NON_LITERAL_NULL_CONVERSION = YES;
				CLANG_WARN_OBJC_IMPLICIT_RETAIN_SELF = YES;
				CLANG_WARN_OBJC_LITERAL_CONVERSION = YES;
				CLANG_WARN_OBJC_ROOT_CLASS = YES_ERROR;
				CLANG_WARN_RANGE_LOOP_ANALYSIS = YES;
				CLANG_WARN_STRICT_PROTOTYPES = YES;
				CLANG_WARN_SUSPICIOUS_MOVE = YES;
				CLANG_WARN_UNGUARDED_AVAILABILITY = YES_AGGRESSIVE;
				CLANG_WARN_UNREACHABLE_CODE = YES;
				CLANG_WARN__DUPLICATE_METHOD_MATCH = YES;
				COPY_PHASE_STRIP = NO;
				DEBUG_INFORMATION_FORMAT = "dwarf-with-dsym";
				ENABLE_NS_ASSERTIONS = NO;
				ENABLE_STRICT_OBJC_MSGSEND = YES;
				GCC_C_LANGUAGE_STANDARD = gnu11;
				GCC_NO_COMMON_BLOCKS = YES;
				GCC_WARN_64_TO_32_BIT_CONVERSION = YES;
				GCC_WARN_ABOUT_RETURN_TYPE = YES_ERROR;
				GCC_WARN_UNDECLARED_SELECTOR = YES;
				GCC_WARN_UNINITIALIZED_AUTOS = YES_AGGRESSIVE;
				GCC_WARN_UNUSED_FUNCTION = YES;
				GCC_WARN_UNUSED_VARIABLE = YES;
				MACOSX_DEPLOYMENT_TARGET = 10.15;
				MTL_ENABLE_DEBUG_INFO = NO;
				MTL_FAST_MATH = YES;
				SDKROOT = macosx;
				SWIFT_COMPILATION_MODE = wholemodule;
				SWIFT_OPTIMIZATION_LEVEL = "-O";
			};
			name = Release;
		};
		993D2BF424129123002E5BAC /* Debug */ = {
			isa = XCBuildConfiguration;
			buildSettings = {
				ASSETCATALOG_COMPILER_APPICON_NAME = AppIcon;
				CODE_SIGN_ENTITLEMENTS = NestableSplitView/NestableSplitView.entitlements;
				CODE_SIGN_STYLE = Automatic;
				COMBINE_HIDPI_IMAGES = YES;
				DEVELOPMENT_TEAM = Z699XFM6P2;
				ENABLE_HARDENED_RUNTIME = YES;
				INFOPLIST_FILE = NestableSplitView/Info.plist;
				LD_RUNPATH_SEARCH_PATHS = (
					"$(inherited)",
					"@executable_path/../Frameworks",
				);
				PRODUCT_BUNDLE_IDENTIFIER = com.mcubedsw.NestableSplitView;
				PRODUCT_NAME = "$(TARGET_NAME)";
				SWIFT_VERSION = 5.0;
			};
			name = Debug;
		};
		993D2BF524129123002E5BAC /* Release */ = {
			isa = XCBuildConfiguration;
			buildSettings = {
				ASSETCATALOG_COMPILER_APPICON_NAME = AppIcon;
				CODE_SIGN_ENTITLEMENTS = NestableSplitView/NestableSplitView.entitlements;
				CODE_SIGN_STYLE = Automatic;
				COMBINE_HIDPI_IMAGES = YES;
				DEVELOPMENT_TEAM = Z699XFM6P2;
				ENABLE_HARDENED_RUNTIME = YES;
				INFOPLIST_FILE = NestableSplitView/Info.plist;
				LD_RUNPATH_SEARCH_PATHS = (
					"$(inherited)",
					"@executable_path/../Frameworks",
				);
				PRODUCT_BUNDLE_IDENTIFIER = com.mcubedsw.NestableSplitView;
				PRODUCT_NAME = "$(TARGET_NAME)";
				SWIFT_VERSION = 5.0;
			};
			name = Release;
		};
/* End XCBuildConfiguration section */

/* Begin XCConfigurationList section */
		993D2BE024129122002E5BAC /* Build configuration list for PBXProject "NestableSplitView" */ = {
			isa = XCConfigurationList;
			buildConfigurations = (
				993D2BF124129123002E5BAC /* Debug */,
				993D2BF224129123002E5BAC /* Release */,
			);
			defaultConfigurationIsVisible = 0;
			defaultConfigurationName = Release;
		};
		993D2BF324129123002E5BAC /* Build configuration list for PBXNativeTarget "NestableSplitView" */ = {
			isa = XCConfigurationList;
			buildConfigurations = (
				993D2BF424129123002E5BAC /* Debug */,
				993D2BF524129123002E5BAC /* Release */,
			);
			defaultConfigurationIsVisible = 0;
			defaultConfigurationName = Release;
		};
/* End XCConfigurationList section */
	};
	rootObject = 993D2BDD24129122002E5BAC /* Project object */;
}
